{
    "_meta": {
        "hash": {
            "sha256": "fba0f695688b31556b362f63bc3ce6898b9e269dbe774856d0e809e2be74ba8d"
        },
        "pipfile-spec": 6,
        "requires": {
            "python_version": "3.11"
        },
        "sources": [
            {
                "name": "pypi",
                "url": "https://pypi.org/simple",
                "verify_ssl": true
            }
        ]
    },
    "default": {},
    "develop": {}
}
